
Microsoft Visual Studio Solution File, Format Version 12.00
# Visual Studio 15
VisualStudioVersion = 15.0.27428.2037
MinimumVisualStudioVersion = 10.0.40219.1
Project("{FAE04EC0-301F-11D3-BF4B-00C04F79EFBC}") = "Palindrome", "Palindrome\Palindrome.csproj", "{D8D930D0-082D-43C4-83C9-F72F1CC174EE}"
EndProject
Project("{FAE04EC0-301F-11D3-BF4B-00C04F79EFBC}") = "PalindromeTest", "PalindromeTest\PalindromeTest.csproj", "{BBB6F519-1A6E-4002-8EFE-B0C234A40740}"
EndProject
Global
	GlobalSection(SolutionConfigurationPlatforms) = preSolution
		Debug|Any CPU = Debug|Any CPU
		Release|Any CPU = Release|Any CPU
	EndGlobalSection
	GlobalSection(ProjectConfigurationPlatforms) = postSolution
		{D8D930D0-082D-43C4-83C9-F72F1CC174EE}.Debug|Any CPU.ActiveCfg = Debug|Any CPU
		{D8D930D0-082D-43C4-83C9-F72F1CC174EE}.Debug|Any CPU.Build.0 = Debug|Any CPU
		{D8D930D0-082D-43C4-83C9-F72F1CC174EE}.Release|Any CPU.ActiveCfg = Release|Any CPU
		{D8D930D0-082D-43C4-83C9-F72F1CC174EE}.Release|Any CPU.Build.0 = Release|Any CPU
		{BBB6F519-1A6E-4002-8EFE-B0C234A40740}.Debug|Any CPU.ActiveCfg = Debug|Any CPU
		{BBB6F519-1A6E-4002-8EFE-B0C234A40740}.Debug|Any CPU.Build.0 = Debug|Any CPU
		{BBB6F519-1A6E-4002-8EFE-B0C234A40740}.Release|Any CPU.ActiveCfg = Release|Any CPU
		{BBB6F519-1A6E-4002-8EFE-B0C234A40740}.Release|Any CPU.Build.0 = Release|Any CPU
	EndGlobalSection
	GlobalSection(SolutionProperties) = preSolution
		HideSolutionNode = FALSE
	EndGlobalSection
	GlobalSection(ExtensibilityGlobals) = postSolution
		SolutionGuid = {60768B3B-B9E9-466C-9BEE-6B115D7134CE}
	EndGlobalSection
EndGlobal
