
Microsoft Visual Studio Solution File, Format Version 12.00
# Visual Studio 15
VisualStudioVersion = 15.0.27428.2043
MinimumVisualStudioVersion = 10.0.40219.1
Project("{FAE04EC0-301F-11D3-BF4B-00C04F79EFBC}") = "CRUDdemo", "CRUDdemo\CRUDdemo.csproj", "{ED7C94FF-F304-4BD6-A9B5-6D117AC657C3}"
EndProject
Global
	GlobalSection(SolutionConfigurationPlatforms) = preSolution
		Debug|Any CPU = Debug|Any CPU
		Release|Any CPU = Release|Any CPU
	EndGlobalSection
	GlobalSection(ProjectConfigurationPlatforms) = postSolution
		{ED7C94FF-F304-4BD6-A9B5-6D117AC657C3}.Debug|Any CPU.ActiveCfg = Debug|Any CPU
		{ED7C94FF-F304-4BD6-A9B5-6D117AC657C3}.Debug|Any CPU.Build.0 = Debug|Any CPU
		{ED7C94FF-F304-4BD6-A9B5-6D117AC657C3}.Release|Any CPU.ActiveCfg = Release|Any CPU
		{ED7C94FF-F304-4BD6-A9B5-6D117AC657C3}.Release|Any CPU.Build.0 = Release|Any CPU
	EndGlobalSection
	GlobalSection(SolutionProperties) = preSolution
		HideSolutionNode = FALSE
	EndGlobalSection
	GlobalSection(ExtensibilityGlobals) = postSolution
		SolutionGuid = {96C9F5E8-BE9B-439A-AD56-DB306333FEEC}
	EndGlobalSection
EndGlobal
